
Microsoft Visual Studio Solution File, Format Version 12.00
# Visual Studio 2012
Project("{FAE04EC0-301F-11D3-BF4B-00C04F79EFBC}") = "Product", "Product\Product.csproj", "{B894577F-E363-4136-8D7D-DE1A53DBE65A}"
EndProject
Project("{FAE04EC0-301F-11D3-BF4B-00C04F79EFBC}") = "Products.Api", "Products.Api\Products.Api.csproj", "{B8C0AEFE-6C95-4236-9D9D-50717AF8D16D}"
EndProject
Project("{FAE04EC0-301F-11D3-BF4B-00C04F79EFBC}") = "Products.Api.Tests", "Products.Api.Tests\Products.Api.Tests.csproj", "{BA5C224F-A9D5-401F-B298-5F360767B2B6}"
EndProject
Global
	GlobalSection(SolutionConfigurationPlatforms) = preSolution
		Debug|Any CPU = Debug|Any CPU
		Release|Any CPU = Release|Any CPU
	EndGlobalSection
	GlobalSection(ProjectConfigurationPlatforms) = postSolution
		{B894577F-E363-4136-8D7D-DE1A53DBE65A}.Debug|Any CPU.ActiveCfg = Debug|Any CPU
		{B894577F-E363-4136-8D7D-DE1A53DBE65A}.Debug|Any CPU.Build.0 = Debug|Any CPU
		{B894577F-E363-4136-8D7D-DE1A53DBE65A}.Release|Any CPU.ActiveCfg = Release|Any CPU
		{B894577F-E363-4136-8D7D-DE1A53DBE65A}.Release|Any CPU.Build.0 = Release|Any CPU
		{B8C0AEFE-6C95-4236-9D9D-50717AF8D16D}.Debug|Any CPU.ActiveCfg = Debug|Any CPU
		{B8C0AEFE-6C95-4236-9D9D-50717AF8D16D}.Debug|Any CPU.Build.0 = Debug|Any CPU
		{B8C0AEFE-6C95-4236-9D9D-50717AF8D16D}.Release|Any CPU.ActiveCfg = Release|Any CPU
		{B8C0AEFE-6C95-4236-9D9D-50717AF8D16D}.Release|Any CPU.Build.0 = Release|Any CPU
		{BA5C224F-A9D5-401F-B298-5F360767B2B6}.Debug|Any CPU.ActiveCfg = Debug|Any CPU
		{BA5C224F-A9D5-401F-B298-5F360767B2B6}.Debug|Any CPU.Build.0 = Debug|Any CPU
		{BA5C224F-A9D5-401F-B298-5F360767B2B6}.Release|Any CPU.ActiveCfg = Release|Any CPU
		{BA5C224F-A9D5-401F-B298-5F360767B2B6}.Release|Any CPU.Build.0 = Release|Any CPU
	EndGlobalSection
	GlobalSection(SolutionProperties) = preSolution
		HideSolutionNode = FALSE
	EndGlobalSection
EndGlobal
